
Microsoft Visual Studio Solution File, Format Version 12.00
# Visual Studio Version 17
VisualStudioVersion = 17.6.33829.357
MinimumVisualStudioVersion = 10.0.40219.1
Project("{FAE04EC0-301F-11D3-BF4B-00C04F79EFBC}") = "GAMEBAUCUA", "GAMEBAUCUA\GAMEBAUCUA.csproj", "{B8D26DC2-C380-4A1D-89B3-53D64348218A}"
EndProject
Global
	GlobalSection(SolutionConfigurationPlatforms) = preSolution
		Debug|Any CPU = Debug|Any CPU
		Release|Any CPU = Release|Any CPU
	EndGlobalSection
	GlobalSection(ProjectConfigurationPlatforms) = postSolution
		{B8D26DC2-C380-4A1D-89B3-53D64348218A}.Debug|Any CPU.ActiveCfg = Debug|Any CPU
		{B8D26DC2-C380-4A1D-89B3-53D64348218A}.Debug|Any CPU.Build.0 = Debug|Any CPU
		{B8D26DC2-C380-4A1D-89B3-53D64348218A}.Release|Any CPU.ActiveCfg = Release|Any CPU
		{B8D26DC2-C380-4A1D-89B3-53D64348218A}.Release|Any CPU.Build.0 = Release|Any CPU
	EndGlobalSection
	GlobalSection(SolutionProperties) = preSolution
		HideSolutionNode = FALSE
	EndGlobalSection
	GlobalSection(ExtensibilityGlobals) = postSolution
		SolutionGuid = {AD3BCE2B-4BD6-4D46-80AE-E6AC140144CB}
	EndGlobalSection
EndGlobal
